
Microsoft Visual Studio Solution File, Format Version 12.00
# Visual Studio 15
VisualStudioVersion = 15.0.27703.2026
MinimumVisualStudioVersion = 10.0.40219.1
Project("{FAE04EC0-301F-11D3-BF4B-00C04F79EFBC}") = "CoreApiAdoDemo", "CoreApiAdoDemo\CoreApiAdoDemo.csproj", "{FC47DD7F-4122-4679-9396-6356873A6D0B}"
EndProject
Global
	GlobalSection(SolutionConfigurationPlatforms) = preSolution
		Debug|Any CPU = Debug|Any CPU
		Release|Any CPU = Release|Any CPU
	EndGlobalSection
	GlobalSection(ProjectConfigurationPlatforms) = postSolution
		{FC47DD7F-4122-4679-9396-6356873A6D0B}.Debug|Any CPU.ActiveCfg = Debug|Any CPU
		{FC47DD7F-4122-4679-9396-6356873A6D0B}.Debug|Any CPU.Build.0 = Debug|Any CPU
		{FC47DD7F-4122-4679-9396-6356873A6D0B}.Release|Any CPU.ActiveCfg = Release|Any CPU
		{FC47DD7F-4122-4679-9396-6356873A6D0B}.Release|Any CPU.Build.0 = Release|Any CPU
	EndGlobalSection
	GlobalSection(SolutionProperties) = preSolution
		HideSolutionNode = FALSE
	EndGlobalSection
	GlobalSection(ExtensibilityGlobals) = postSolution
		SolutionGuid = {CCAFFF2D-243F-4CBD-B8CB-A04FECABA674}
	EndGlobalSection
EndGlobal
